{
  "name": "xstate-test-playwright-error-repro",
  "version": "1.0.0",
  "lockfileVersion": 2,
  "requires": true,
  "packages": {
    "": {
      "name": "xstate-test-playwright-error-repro",
      "version": "1.0.0",
      "license": "ISC",
      "dependencies": {
        "xstate": "^4.32.1"
      },
      "devDependencies": {
        "@playwright/test": "^1.23.0",
        "@xstate/test": "^1.0.0-alpha.0"
      }
    },
    "node_modules/@playwright/test": {
      "version": "1.23.0",
      "resolved": "https://registry.npmjs.org/@playwright/test/-/test-1.23.0.tgz",
      "integrity": "sha512-RPWI8AHBVBiDyfTuxi1BhOaY3yaVy3S5ZsGKkSGGeWpZtSgN4SerInCYvgh9+EunIAK4RJQo+bzupbAn5pVqHQ==",
      "dev": true,
      "dependencies": {
        "@types/node": "*",
        "playwright-core": "1.23.0"
      },
      "bin": {
        "playwright": "cli.js"
      },
      "engines": {
        "node": ">=14"
      }
    },
    "node_modules/@types/node": {
      "version": "18.0.0",
      "resolved": "https://registry.npmjs.org/@types/node/-/node-18.0.0.tgz",
      "integrity": "sha512-cHlGmko4gWLVI27cGJntjs/Sj8th9aYwplmZFwmmgYQQvL5NUsgVJG7OddLvNfLqYS31KFN0s3qlaD9qCaxACA==",
      "dev": true
    },
    "node_modules/@xstate/graph": {
      "version": "2.0.0-alpha.0",
      "resolved": "https://registry.npmjs.org/@xstate/graph/-/graph-2.0.0-alpha.0.tgz",
      "integrity": "sha512-POFB4/1ersakSX2Jm6+qMr5E1uelx50hG6cx/g6YXmaCei0OT9bP24HjMYktXjy8ruMm8D56CdCPBybCOhzLkg==",
      "dev": true,
      "peerDependencies": {
        "xstate": "^4.32.1"
      }
    },
    "node_modules/@xstate/test": {
      "version": "1.0.0-alpha.0",
      "resolved": "https://registry.npmjs.org/@xstate/test/-/test-1.0.0-alpha.0.tgz",
      "integrity": "sha512-8++CcsHWQBAsqbG7J68/Ct/oQOqH3L/5e7YEXa3VookV5xrP/XG5Xigd2aUpvvNuoNl/XknqrNidvCdln6RiHg==",
      "dev": true,
      "dependencies": {
        "@xstate/graph": "^2.0.0-alpha.0"
      },
      "peerDependencies": {
        "xstate": "^4.32.1"
      }
    },
    "node_modules/playwright-core": {
      "version": "1.23.0",
      "resolved": "https://registry.npmjs.org/playwright-core/-/playwright-core-1.23.0.tgz",
      "integrity": "sha512-Zzhyr5RZGoJ1ek2sgfJCt2076kdOg8hnNwFBqAYeLySiutXyxSQk93vZ5gbnFiWV1sHvueCcwla9n35acUTxtA==",
      "dev": true,
      "bin": {
        "playwright": "cli.js"
      },
      "engines": {
        "node": ">=14"
      }
    },
    "node_modules/xstate": {
      "version": "4.32.1",
      "resolved": "https://registry.npmjs.org/xstate/-/xstate-4.32.1.tgz",
      "integrity": "sha512-QYUd+3GkXZ8i6qdixnOn28bL3EvA++LONYL/EMWwKlFSh/hiLndJ8YTnz77FDs+JUXcwU7NZJg7qoezoRHc4GQ==",
      "funding": {
        "type": "opencollective",
        "url": "https://opencollective.com/xstate"
      }
    }
  },
  "dependencies": {
    "@playwright/test": {
      "version": "1.23.0",
      "resolved": "https://registry.npmjs.org/@playwright/test/-/test-1.23.0.tgz",
      "integrity": "sha512-RPWI8AHBVBiDyfTuxi1BhOaY3yaVy3S5ZsGKkSGGeWpZtSgN4SerInCYvgh9+EunIAK4RJQo+bzupbAn5pVqHQ==",
      "dev": true,
      "requires": {
        "@types/node": "*",
        "playwright-core": "1.23.0"
      }
    },
    "@types/node": {
      "version": "18.0.0",
      "resolved": "https://registry.npmjs.org/@types/node/-/node-18.0.0.tgz",
      "integrity": "sha512-cHlGmko4gWLVI27cGJntjs/Sj8th9aYwplmZFwmmgYQQvL5NUsgVJG7OddLvNfLqYS31KFN0s3qlaD9qCaxACA==",
      "dev": true
    },
    "@xstate/graph": {
      "version": "2.0.0-alpha.0",
      "resolved": "https://registry.npmjs.org/@xstate/graph/-/graph-2.0.0-alpha.0.tgz",
      "integrity": "sha512-POFB4/1ersakSX2Jm6+qMr5E1uelx50hG6cx/g6YXmaCei0OT9bP24HjMYktXjy8ruMm8D56CdCPBybCOhzLkg==",
      "dev": true,
      "requires": {}
    },
    "@xstate/test": {
      "version": "1.0.0-alpha.0",
      "resolved": "https://registry.npmjs.org/@xstate/test/-/test-1.0.0-alpha.0.tgz",
      "integrity": "sha512-8++CcsHWQBAsqbG7J68/Ct/oQOqH3L/5e7YEXa3VookV5xrP/XG5Xigd2aUpvvNuoNl/XknqrNidvCdln6RiHg==",
      "dev": true,
      "requires": {
        "@xstate/graph": "^2.0.0-alpha.0"
      }
    },
    "playwright-core": {
      "version": "1.23.0",
      "resolved": "https://registry.npmjs.org/playwright-core/-/playwright-core-1.23.0.tgz",
      "integrity": "sha512-Zzhyr5RZGoJ1ek2sgfJCt2076kdOg8hnNwFBqAYeLySiutXyxSQk93vZ5gbnFiWV1sHvueCcwla9n35acUTxtA==",
      "dev": true
    },
    "xstate": {
      "version": "4.32.1",
      "resolved": "https://registry.npmjs.org/xstate/-/xstate-4.32.1.tgz",
      "integrity": "sha512-QYUd+3GkXZ8i6qdixnOn28bL3EvA++LONYL/EMWwKlFSh/hiLndJ8YTnz77FDs+JUXcwU7NZJg7qoezoRHc4GQ=="
    }
  }
}
